// !$*UTF8*$!
{
	archiveVersion = 1;
	classes = {
	};
	objectVersion = 55;
	objects = {

/* Begin PBXBuildFile section */
		2C32B33927D3CF1900A4FACE /* GoogleService-Info.plist in Resources */ = {isa = PBXBuildFile; fileRef = 2C32B33827D3CF1900A4FACE /* GoogleService-Info.plist */; };
		2C32B33C27D3D00D00A4FACE /* FirebaseAnalytics in Frameworks */ = {isa = PBXBuildFile; productRef = 2C32B33B27D3D00D00A4FACE /* FirebaseAnalytics */; };
		2C32B33E27D3D00D00A4FACE /* FirebaseAnalyticsSwift-Beta in Frameworks */ = {isa = PBXBuildFile; productRef = 2C32B33D27D3D00D00A4FACE /* FirebaseAnalyticsSwift-Beta */; };
		2C32B34027D3D00D00A4FACE /* FirebaseAuth in Frameworks */ = {isa = PBXBuildFile; productRef = 2C32B33F27D3D00D00A4FACE /* FirebaseAuth */; };
		2C32B34227D3D00D00A4FACE /* FirebaseAuthCombine-Community in Frameworks */ = {isa = PBXBuildFile; productRef = 2C32B34127D3D00D00A4FACE /* FirebaseAuthCombine-Community */; };
		2C32B34427D3D00D00A4FACE /* FirebaseCrashlytics in Frameworks */ = {isa = PBXBuildFile; productRef = 2C32B34327D3D00D00A4FACE /* FirebaseCrashlytics */; };
		2C32B34627D3D00D00A4FACE /* FirebaseDatabase in Frameworks */ = {isa = PBXBuildFile; productRef = 2C32B34527D3D00D00A4FACE /* FirebaseDatabase */; };
		2C32B34827D3D00D00A4FACE /* FirebaseDatabaseSwift-Beta in Frameworks */ = {isa = PBXBuildFile; productRef = 2C32B34727D3D00D00A4FACE /* FirebaseDatabaseSwift-Beta */; };
		2C32B34A27D3D00D00A4FACE /* FirebaseFirestore in Frameworks */ = {isa = PBXBuildFile; productRef = 2C32B34927D3D00D00A4FACE /* FirebaseFirestore */; };
		2C32B34C27D3D00D00A4FACE /* FirebaseFirestoreSwift-Beta in Frameworks */ = {isa = PBXBuildFile; productRef = 2C32B34B27D3D00D00A4FACE /* FirebaseFirestoreSwift-Beta */; };
		2C32B34E27D3D00D00A4FACE /* FirebaseFunctions in Frameworks */ = {isa = PBXBuildFile; productRef = 2C32B34D27D3D00D00A4FACE /* FirebaseFunctions */; };
		2C32B35027D3D00D00A4FACE /* FirebaseFunctionsSwift-Beta in Frameworks */ = {isa = PBXBuildFile; productRef = 2C32B34F27D3D00D00A4FACE /* FirebaseFunctionsSwift-Beta */; };
		2C32B35227D3D00D00A4FACE /* FirebaseRemoteConfigSwift-Beta in Frameworks */ = {isa = PBXBuildFile; productRef = 2C32B35127D3D00D00A4FACE /* FirebaseRemoteConfigSwift-Beta */; };
		2C32B35427D3D00D00A4FACE /* FirebaseStorage in Frameworks */ = {isa = PBXBuildFile; productRef = 2C32B35327D3D00D00A4FACE /* FirebaseStorage */; };
		2C32B35627D3D00D00A4FACE /* FirebaseStorageSwift-Beta in Frameworks */ = {isa = PBXBuildFile; productRef = 2C32B35527D3D00D00A4FACE /* FirebaseStorageSwift-Beta */; };
		2C379A5927EAB0FE003857BD /* NetworkManager.swift in Sources */ = {isa = PBXBuildFile; fileRef = 2C379A5827EAB0FE003857BD /* NetworkManager.swift */; };
		2C56B9A72812383F00D8F31D /* AudioService.swift in Sources */ = {isa = PBXBuildFile; fileRef = 2C56B9A62812383F00D8F31D /* AudioService.swift */; };
		2C56C04827F8E1C800246407 /* Member.swift in Sources */ = {isa = PBXBuildFile; fileRef = 2C56C04727F8E1C800246407 /* Member.swift */; };
		2C56C04B27F8E1E800246407 /* Group.swift in Sources */ = {isa = PBXBuildFile; fileRef = 2C56C04A27F8E1E800246407 /* Group.swift */; };
		2C56C04E27F8E21500246407 /* Message.swift in Sources */ = {isa = PBXBuildFile; fileRef = 2C56C04D27F8E21500246407 /* Message.swift */; };
		2C56C05F27FA511700246407 /* LoginView.swift in Sources */ = {isa = PBXBuildFile; fileRef = 2C56C05E27FA511600246407 /* LoginView.swift */; };
		2C56C06127FA5F3B00246407 /* LoginViewModel.swift in Sources */ = {isa = PBXBuildFile; fileRef = 2C56C06027FA5F3A00246407 /* LoginViewModel.swift */; };
		2C56C06527FA80DA00246407 /* HomeView.swift in Sources */ = {isa = PBXBuildFile; fileRef = 2C56C06427FA80D900246407 /* HomeView.swift */; };
		2C5F35A227F8AC5500546247 /* RecordVoiceView.swift in Sources */ = {isa = PBXBuildFile; fileRef = 2C5F359A27F8AC5500546247 /* RecordVoiceView.swift */; };
		2C5F35A327F8AC5500546247 /* RecordingListView.swift in Sources */ = {isa = PBXBuildFile; fileRef = 2C5F359B27F8AC5500546247 /* RecordingListView.swift */; };
		2C5F35A427F8AC5500546247 /* Recording.swift in Sources */ = {isa = PBXBuildFile; fileRef = 2C5F359D27F8AC5500546247 /* Recording.swift */; };
		2C5F35A727F8AC5500546247 /* FirebaseManager.swift in Sources */ = {isa = PBXBuildFile; fileRef = 2C5F35A127F8AC5500546247 /* FirebaseManager.swift */; };
		2C98975D27FD05F300C2AF79 /* CreateGroupView.swift in Sources */ = {isa = PBXBuildFile; fileRef = 2C98975C27FD05F300C2AF79 /* CreateGroupView.swift */; };
		2C98976127FD06EB00C2AF79 /* CreateGroupViewModel.swift in Sources */ = {isa = PBXBuildFile; fileRef = 2C98976027FD06EB00C2AF79 /* CreateGroupViewModel.swift */; };
		2C98976327FD2DBE00C2AF79 /* CheckBoxView.swift in Sources */ = {isa = PBXBuildFile; fileRef = 2C98976227FD2DBE00C2AF79 /* CheckBoxView.swift */; };
		2C98976527FE1D6100C2AF79 /* RecordVoiceViewModel.swift in Sources */ = {isa = PBXBuildFile; fileRef = 2C98976427FE1D6100C2AF79 /* RecordVoiceViewModel.swift */; };
		FE1521C427CD2AF5007F95A2 /* MembersViewModel.swift in Sources */ = {isa = PBXBuildFile; fileRef = FE1521C327CD2AF5007F95A2 /* MembersViewModel.swift */; };
		FE7963B627D3C9C5001FB6E2 /* NetworkService.swift in Sources */ = {isa = PBXBuildFile; fileRef = FE7963B527D3C9C5001FB6E2 /* NetworkService.swift */; };
		FEDCA01027C6D8B200291D70 /* communication_magicApp.swift in Sources */ = {isa = PBXBuildFile; fileRef = FEDCA00F27C6D8B200291D70 /* communication_magicApp.swift */; };
		FEDCA01427C6D8B300291D70 /* Assets.xcassets in Resources */ = {isa = PBXBuildFile; fileRef = FEDCA01327C6D8B300291D70 /* Assets.xcassets */; };
		FEDCA01727C6D8B300291D70 /* Preview Assets.xcassets in Resources */ = {isa = PBXBuildFile; fileRef = FEDCA01627C6D8B300291D70 /* Preview Assets.xcassets */; };
		FEDCA02B27C6DBF400291D70 /* MembersView.swift in Sources */ = {isa = PBXBuildFile; fileRef = FEDCA02A27C6DBF400291D70 /* MembersView.swift */; };
/* End PBXBuildFile section */

/* Begin PBXFileReference section */
		2C32B33827D3CF1900A4FACE /* GoogleService-Info.plist */ = {isa = PBXFileReference; fileEncoding = 4; lastKnownFileType = text.plist.xml; path = "GoogleService-Info.plist"; sourceTree = "<group>"; };
		2C379A5827EAB0FE003857BD /* NetworkManager.swift */ = {isa = PBXFileReference; lastKnownFileType = sourcecode.swift; path = NetworkManager.swift; sourceTree = "<group>"; };
		2C56B9A62812383F00D8F31D /* AudioService.swift */ = {isa = PBXFileReference; lastKnownFileType = sourcecode.swift; path = AudioService.swift; sourceTree = "<group>"; };
		2C56C04727F8E1C800246407 /* Member.swift */ = {isa = PBXFileReference; lastKnownFileType = sourcecode.swift; path = Member.swift; sourceTree = "<group>"; };
		2C56C04A27F8E1E800246407 /* Group.swift */ = {isa = PBXFileReference; lastKnownFileType = sourcecode.swift; path = Group.swift; sourceTree = "<group>"; };
		2C56C04D27F8E21500246407 /* Message.swift */ = {isa = PBXFileReference; lastKnownFileType = sourcecode.swift; path = Message.swift; sourceTree = "<group>"; };
		2C56C05E27FA511600246407 /* LoginView.swift */ = {isa = PBXFileReference; lastKnownFileType = sourcecode.swift; path = LoginView.swift; sourceTree = "<group>"; };
		2C56C06027FA5F3A00246407 /* LoginViewModel.swift */ = {isa = PBXFileReference; lastKnownFileType = sourcecode.swift; path = LoginViewModel.swift; sourceTree = "<group>"; };
		2C56C06427FA80D900246407 /* HomeView.swift */ = {isa = PBXFileReference; lastKnownFileType = sourcecode.swift; path = HomeView.swift; sourceTree = "<group>"; };
		2C5F359A27F8AC5500546247 /* RecordVoiceView.swift */ = {isa = PBXFileReference; fileEncoding = 4; lastKnownFileType = sourcecode.swift; path = RecordVoiceView.swift; sourceTree = "<group>"; };
		2C5F359B27F8AC5500546247 /* RecordingListView.swift */ = {isa = PBXFileReference; fileEncoding = 4; lastKnownFileType = sourcecode.swift; path = RecordingListView.swift; sourceTree = "<group>"; };
		2C5F359D27F8AC5500546247 /* Recording.swift */ = {isa = PBXFileReference; fileEncoding = 4; lastKnownFileType = sourcecode.swift; path = Recording.swift; sourceTree = "<group>"; };
		2C5F35A127F8AC5500546247 /* FirebaseManager.swift */ = {isa = PBXFileReference; fileEncoding = 4; lastKnownFileType = sourcecode.swift; path = FirebaseManager.swift; sourceTree = "<group>"; };
		2C98975C27FD05F300C2AF79 /* CreateGroupView.swift */ = {isa = PBXFileReference; lastKnownFileType = sourcecode.swift; path = CreateGroupView.swift; sourceTree = "<group>"; };
		2C98976027FD06EB00C2AF79 /* CreateGroupViewModel.swift */ = {isa = PBXFileReference; lastKnownFileType = sourcecode.swift; path = CreateGroupViewModel.swift; sourceTree = "<group>"; };
		2C98976227FD2DBE00C2AF79 /* CheckBoxView.swift */ = {isa = PBXFileReference; lastKnownFileType = sourcecode.swift; path = CheckBoxView.swift; sourceTree = "<group>"; };
		2C98976427FE1D6100C2AF79 /* RecordVoiceViewModel.swift */ = {isa = PBXFileReference; lastKnownFileType = sourcecode.swift; path = RecordVoiceViewModel.swift; sourceTree = "<group>"; };
		FE1521C327CD2AF5007F95A2 /* MembersViewModel.swift */ = {isa = PBXFileReference; lastKnownFileType = sourcecode.swift; path = MembersViewModel.swift; sourceTree = "<group>"; };
		FE7963B527D3C9C5001FB6E2 /* NetworkService.swift */ = {isa = PBXFileReference; lastKnownFileType = sourcecode.swift; path = NetworkService.swift; sourceTree = "<group>"; };
		FEDCA00C27C6D8B200291D70 /* communication-magic.app */ = {isa = PBXFileReference; explicitFileType = wrapper.application; includeInIndex = 0; path = "communication-magic.app"; sourceTree = BUILT_PRODUCTS_DIR; };
		FEDCA00F27C6D8B200291D70 /* communication_magicApp.swift */ = {isa = PBXFileReference; lastKnownFileType = sourcecode.swift; path = communication_magicApp.swift; sourceTree = "<group>"; };
		FEDCA01327C6D8B300291D70 /* Assets.xcassets */ = {isa = PBXFileReference; lastKnownFileType = folder.assetcatalog; path = Assets.xcassets; sourceTree = "<group>"; };
		FEDCA01627C6D8B300291D70 /* Preview Assets.xcassets */ = {isa = PBXFileReference; lastKnownFileType = folder.assetcatalog; path = "Preview Assets.xcassets"; sourceTree = "<group>"; };
		FEDCA02A27C6DBF400291D70 /* MembersView.swift */ = {isa = PBXFileReference; lastKnownFileType = sourcecode.swift; path = MembersView.swift; sourceTree = "<group>"; };
/* End PBXFileReference section */

/* Begin PBXFrameworksBuildPhase section */
		FEDCA00927C6D8B200291D70 /* Frameworks */ = {
			isa = PBXFrameworksBuildPhase;
			buildActionMask = 2147483647;
			files = (
				2C32B33E27D3D00D00A4FACE /* FirebaseAnalyticsSwift-Beta in Frameworks */,
				2C32B33C27D3D00D00A4FACE /* FirebaseAnalytics in Frameworks */,
				2C32B34427D3D00D00A4FACE /* FirebaseCrashlytics in Frameworks */,
				2C32B35227D3D00D00A4FACE /* FirebaseRemoteConfigSwift-Beta in Frameworks */,
				2C32B35627D3D00D00A4FACE /* FirebaseStorageSwift-Beta in Frameworks */,
				2C32B34027D3D00D00A4FACE /* FirebaseAuth in Frameworks */,
				2C32B34A27D3D00D00A4FACE /* FirebaseFirestore in Frameworks */,
				2C32B34627D3D00D00A4FACE /* FirebaseDatabase in Frameworks */,
				2C32B35027D3D00D00A4FACE /* FirebaseFunctionsSwift-Beta in Frameworks */,
				2C32B34C27D3D00D00A4FACE /* FirebaseFirestoreSwift-Beta in Frameworks */,
				2C32B34827D3D00D00A4FACE /* FirebaseDatabaseSwift-Beta in Frameworks */,
				2C32B35427D3D00D00A4FACE /* FirebaseStorage in Frameworks */,
				2C32B34E27D3D00D00A4FACE /* FirebaseFunctions in Frameworks */,
				2C32B34227D3D00D00A4FACE /* FirebaseAuthCombine-Community in Frameworks */,
			);
			runOnlyForDeploymentPostprocessing = 0;
		};
/* End PBXFrameworksBuildPhase section */

/* Begin PBXGroup section */
		2C32B33227D3C84D00A4FACE /* Networking */ = {
			isa = PBXGroup;
			children = (
				2C5F35A127F8AC5500546247 /* FirebaseManager.swift */,
				FE7963B527D3C9C5001FB6E2 /* NetworkService.swift */,
				2C379A5827EAB0FE003857BD /* NetworkManager.swift */,
				2C56B9A62812383F00D8F31D /* AudioService.swift */,
			);
			path = Networking;
			sourceTree = "<group>";
		};
		2C56C04427F8E0EA00246407 /* Views */ = {
			isa = PBXGroup;
			children = (
				2C5F359A27F8AC5500546247 /* RecordVoiceView.swift */,
				2C5F359B27F8AC5500546247 /* RecordingListView.swift */,
				FEDCA02A27C6DBF400291D70 /* MembersView.swift */,
				2C56C05E27FA511600246407 /* LoginView.swift */,
				2C56C06427FA80D900246407 /* HomeView.swift */,
				2C98975C27FD05F300C2AF79 /* CreateGroupView.swift */,
				2C98976227FD2DBE00C2AF79 /* CheckBoxView.swift */,
			);
			path = Views;
			sourceTree = "<group>";
		};
		2C56C05D27F8ED2400246407 /* ViewModels */ = {
			isa = PBXGroup;
			children = (
				FE1521C327CD2AF5007F95A2 /* MembersViewModel.swift */,
				2C56C06027FA5F3A00246407 /* LoginViewModel.swift */,
				2C98976027FD06EB00C2AF79 /* CreateGroupViewModel.swift */,
				2C98976427FE1D6100C2AF79 /* RecordVoiceViewModel.swift */,
			);
			path = ViewModels;
			sourceTree = "<group>";
		};
		FEDCA00327C6D8B200291D70 = {
			isa = PBXGroup;
			children = (
				FEDCA00E27C6D8B200291D70 /* communication-magic */,
				FEDCA00D27C6D8B200291D70 /* Products */,
			);
			sourceTree = "<group>";
		};
		FEDCA00D27C6D8B200291D70 /* Products */ = {
			isa = PBXGroup;
			children = (
				FEDCA00C27C6D8B200291D70 /* communication-magic.app */,
			);
			name = Products;
			sourceTree = "<group>";
		};
		FEDCA00E27C6D8B200291D70 /* communication-magic */ = {
			isa = PBXGroup;
			children = (
				2C56C05D27F8ED2400246407 /* ViewModels */,
				2C56C04427F8E0EA00246407 /* Views */,
				2C32B33827D3CF1900A4FACE /* GoogleService-Info.plist */,
				2C32B33227D3C84D00A4FACE /* Networking */,
				FEDCA02327C6D9C900291D70 /* Models */,
				FEDCA00F27C6D8B200291D70 /* communication_magicApp.swift */,
				FEDCA01327C6D8B300291D70 /* Assets.xcassets */,
				FEDCA01527C6D8B300291D70 /* Preview Content */,
			);
			path = "communication-magic";
			sourceTree = "<group>";
		};
		FEDCA01527C6D8B300291D70 /* Preview Content */ = {
			isa = PBXGroup;
			children = (
				FEDCA01627C6D8B300291D70 /* Preview Assets.xcassets */,
			);
			path = "Preview Content";
			sourceTree = "<group>";
		};
		FEDCA02327C6D9C900291D70 /* Models */ = {
			isa = PBXGroup;
			children = (
				2C5F359D27F8AC5500546247 /* Recording.swift */,
				2C56C04727F8E1C800246407 /* Member.swift */,
				2C56C04A27F8E1E800246407 /* Group.swift */,
				2C56C04D27F8E21500246407 /* Message.swift */,
			);
			path = Models;
			sourceTree = "<group>";
		};
/* End PBXGroup section */

/* Begin PBXNativeTarget section */
		FEDCA00B27C6D8B200291D70 /* communication-magic */ = {
			isa = PBXNativeTarget;
			buildConfigurationList = FEDCA01A27C6D8B300291D70 /* Build configuration list for PBXNativeTarget "communication-magic" */;
			buildPhases = (
				FEDCA00827C6D8B200291D70 /* Sources */,
				FEDCA00927C6D8B200291D70 /* Frameworks */,
				FEDCA00A27C6D8B200291D70 /* Resources */,
			);
			buildRules = (
			);
			dependencies = (
			);
			name = "communication-magic";
			packageProductDependencies = (
				2C32B33B27D3D00D00A4FACE /* FirebaseAnalytics */,
				2C32B33D27D3D00D00A4FACE /* FirebaseAnalyticsSwift-Beta */,
				2C32B33F27D3D00D00A4FACE /* FirebaseAuth */,
				2C32B34127D3D00D00A4FACE /* FirebaseAuthCombine-Community */,
				2C32B34327D3D00D00A4FACE /* FirebaseCrashlytics */,
				2C32B34527D3D00D00A4FACE /* FirebaseDatabase */,
				2C32B34727D3D00D00A4FACE /* FirebaseDatabaseSwift-Beta */,
				2C32B34927D3D00D00A4FACE /* FirebaseFirestore */,
				2C32B34B27D3D00D00A4FACE /* FirebaseFirestoreSwift-Beta */,
				2C32B34D27D3D00D00A4FACE /* FirebaseFunctions */,
				2C32B34F27D3D00D00A4FACE /* FirebaseFunctionsSwift-Beta */,
				2C32B35127D3D00D00A4FACE /* FirebaseRemoteConfigSwift-Beta */,
				2C32B35327D3D00D00A4FACE /* FirebaseStorage */,
				2C32B35527D3D00D00A4FACE /* FirebaseStorageSwift-Beta */,
			);
			productName = "communication-magic";
			productReference = FEDCA00C27C6D8B200291D70 /* communication-magic.app */;
			productType = "com.apple.product-type.application";
		};
/* End PBXNativeTarget section */

/* Begin PBXProject section */
		FEDCA00427C6D8B200291D70 /* Project object */ = {
			isa = PBXProject;
			attributes = {
				BuildIndependentTargetsInParallel = 1;
				LastSwiftUpdateCheck = 1320;
				LastUpgradeCheck = 1320;
				TargetAttributes = {
					FEDCA00B27C6D8B200291D70 = {
						CreatedOnToolsVersion = 13.2.1;
					};
				};
			};
			buildConfigurationList = FEDCA00727C6D8B200291D70 /* Build configuration list for PBXProject "communication-magic" */;
			compatibilityVersion = "Xcode 13.0";
			developmentRegion = en;
			hasScannedForEncodings = 0;
			knownRegions = (
				en,
				Base,
			);
			mainGroup = FEDCA00327C6D8B200291D70;
			packageReferences = (
				2C32B33A27D3D00D00A4FACE /* XCRemoteSwiftPackageReference "firebase-ios-sdk" */,
			);
			productRefGroup = FEDCA00D27C6D8B200291D70 /* Products */;
			projectDirPath = "";
			projectRoot = "";
			targets = (
				FEDCA00B27C6D8B200291D70 /* communication-magic */,
			);
		};
/* End PBXProject section */

/* Begin PBXResourcesBuildPhase section */
		FEDCA00A27C6D8B200291D70 /* Resources */ = {
			isa = PBXResourcesBuildPhase;
			buildActionMask = 2147483647;
			files = (
				FEDCA01727C6D8B300291D70 /* Preview Assets.xcassets in Resources */,
				FEDCA01427C6D8B300291D70 /* Assets.xcassets in Resources */,
				2C32B33927D3CF1900A4FACE /* GoogleService-Info.plist in Resources */,
			);
			runOnlyForDeploymentPostprocessing = 0;
		};
/* End PBXResourcesBuildPhase section */

/* Begin PBXSourcesBuildPhase section */
		FEDCA00827C6D8B200291D70 /* Sources */ = {
			isa = PBXSourcesBuildPhase;
			buildActionMask = 2147483647;
			files = (
				2C56C06527FA80DA00246407 /* HomeView.swift in Sources */,
				2C5F35A727F8AC5500546247 /* FirebaseManager.swift in Sources */,
				2C56C04827F8E1C800246407 /* Member.swift in Sources */,
				2C379A5927EAB0FE003857BD /* NetworkManager.swift in Sources */,
				2C5F35A227F8AC5500546247 /* RecordVoiceView.swift in Sources */,
				2C98976127FD06EB00C2AF79 /* CreateGroupViewModel.swift in Sources */,
				2C56C05F27FA511700246407 /* LoginView.swift in Sources */,
				2C98976327FD2DBE00C2AF79 /* CheckBoxView.swift in Sources */,
				2C56C04B27F8E1E800246407 /* Group.swift in Sources */,
				2C5F35A427F8AC5500546247 /* Recording.swift in Sources */,
				FE1521C427CD2AF5007F95A2 /* MembersViewModel.swift in Sources */,
				FEDCA02B27C6DBF400291D70 /* MembersView.swift in Sources */,
				2C5F35A327F8AC5500546247 /* RecordingListView.swift in Sources */,
				2C56C06127FA5F3B00246407 /* LoginViewModel.swift in Sources */,
				2C98976527FE1D6100C2AF79 /* RecordVoiceViewModel.swift in Sources */,
				FEDCA01027C6D8B200291D70 /* communication_magicApp.swift in Sources */,
				2C98975D27FD05F300C2AF79 /* CreateGroupView.swift in Sources */,
				2C56B9A72812383F00D8F31D /* AudioService.swift in Sources */,
				2C56C04E27F8E21500246407 /* Message.swift in Sources */,
				FE7963B627D3C9C5001FB6E2 /* NetworkService.swift in Sources */,
			);
			runOnlyForDeploymentPostprocessing = 0;
		};
/* End PBXSourcesBuildPhase section */

/* Begin XCBuildConfiguration section */
		FEDCA01827C6D8B300291D70 /* Debug */ = {
			isa = XCBuildConfiguration;
			buildSettings = {
				ALWAYS_SEARCH_USER_PATHS = NO;
				CLANG_ANALYZER_NONNULL = YES;
				CLANG_ANALYZER_NUMBER_OBJECT_CONVERSION = YES_AGGRESSIVE;
				CLANG_CXX_LANGUAGE_STANDARD = "gnu++17";
				CLANG_CXX_LIBRARY = "libc++";
				CLANG_ENABLE_MODULES = YES;
				CLANG_ENABLE_OBJC_ARC = YES;
				CLANG_ENABLE_OBJC_WEAK = YES;
				CLANG_WARN_BLOCK_CAPTURE_AUTORELEASING = YES;
				CLANG_WARN_BOOL_CONVERSION = YES;
				CLANG_WARN_COMMA = YES;
				CLANG_WARN_CONSTANT_CONVERSION = YES;
				CLANG_WARN_DEPRECATED_OBJC_IMPLEMENTATIONS = YES;
				CLANG_WARN_DIRECT_OBJC_ISA_USAGE = YES_ERROR;
				CLANG_WARN_DOCUMENTATION_COMMENTS = YES;
				CLANG_WARN_EMPTY_BODY = YES;
				CLANG_WARN_ENUM_CONVERSION = YES;
				CLANG_WARN_INFINITE_RECURSION = YES;
				CLANG_WARN_INT_CONVERSION = YES;
				CLANG_WARN_NON_LITERAL_NULL_CONVERSION = YES;
				CLANG_WARN_OBJC_IMPLICIT_RETAIN_SELF = YES;
				CLANG_WARN_OBJC_LITERAL_CONVERSION = YES;
				CLANG_WARN_OBJC_ROOT_CLASS = YES_ERROR;
				CLANG_WARN_QUOTED_INCLUDE_IN_FRAMEWORK_HEADER = YES;
				CLANG_WARN_RANGE_LOOP_ANALYSIS = YES;
				CLANG_WARN_STRICT_PROTOTYPES = YES;
				CLANG_WARN_SUSPICIOUS_MOVE = YES;
				CLANG_WARN_UNGUARDED_AVAILABILITY = YES_AGGRESSIVE;
				CLANG_WARN_UNREACHABLE_CODE = YES;
				CLANG_WARN__DUPLICATE_METHOD_MATCH = YES;
				COPY_PHASE_STRIP = NO;
				DEBUG_INFORMATION_FORMAT = dwarf;
				ENABLE_STRICT_OBJC_MSGSEND = YES;
				ENABLE_TESTABILITY = YES;
				GCC_C_LANGUAGE_STANDARD = gnu11;
				GCC_DYNAMIC_NO_PIC = NO;
				GCC_NO_COMMON_BLOCKS = NO;
				GCC_OPTIMIZATION_LEVEL = 0;
				GCC_PREPROCESSOR_DEFINITIONS = (
					"DEBUG=1",
					"$(inherited)",
				);
				GCC_WARN_64_TO_32_BIT_CONVERSION = YES;
				GCC_WARN_ABOUT_RETURN_TYPE = YES_ERROR;
				GCC_WARN_UNDECLARED_SELECTOR = YES;
				GCC_WARN_UNINITIALIZED_AUTOS = YES_AGGRESSIVE;
				GCC_WARN_UNUSED_FUNCTION = YES;
				GCC_WARN_UNUSED_VARIABLE = YES;
				GENERATE_INFOPLIST_FILE = NO;
				INFOPLIST_EXPAND_BUILD_SETTINGS = NO;
				IPHONEOS_DEPLOYMENT_TARGET = 15.0;
				MTL_ENABLE_DEBUG_INFO = INCLUDE_SOURCE;
				MTL_FAST_MATH = YES;
				ONLY_ACTIVE_ARCH = YES;
				SDKROOT = iphoneos;
				SWIFT_ACTIVE_COMPILATION_CONDITIONS = DEBUG;
				SWIFT_OPTIMIZATION_LEVEL = "-Onone";
			};
			name = Debug;
		};
		FEDCA01927C6D8B300291D70 /* Release */ = {
			isa = XCBuildConfiguration;
			buildSettings = {
				ALWAYS_SEARCH_USER_PATHS = NO;
				CLANG_ANALYZER_NONNULL = YES;
				CLANG_ANALYZER_NUMBER_OBJECT_CONVERSION = YES_AGGRESSIVE;
				CLANG_CXX_LANGUAGE_STANDARD = "gnu++17";
				CLANG_CXX_LIBRARY = "libc++";
				CLANG_ENABLE_MODULES = YES;
				CLANG_ENABLE_OBJC_ARC = YES;
				CLANG_ENABLE_OBJC_WEAK = YES;
				CLANG_WARN_BLOCK_CAPTURE_AUTORELEASING = YES;
				CLANG_WARN_BOOL_CONVERSION = YES;
				CLANG_WARN_COMMA = YES;
				CLANG_WARN_CONSTANT_CONVERSION = YES;
				CLANG_WARN_DEPRECATED_OBJC_IMPLEMENTATIONS = YES;
				CLANG_WARN_DIRECT_OBJC_ISA_USAGE = YES_ERROR;
				CLANG_WARN_DOCUMENTATION_COMMENTS = YES;
				CLANG_WARN_EMPTY_BODY = YES;
				CLANG_WARN_ENUM_CONVERSION = YES;
				CLANG_WARN_INFINITE_RECURSION = YES;
				CLANG_WARN_INT_CONVERSION = YES;
				CLANG_WARN_NON_LITERAL_NULL_CONVERSION = YES;
				CLANG_WARN_OBJC_IMPLICIT_RETAIN_SELF = YES;
				CLANG_WARN_OBJC_LITERAL_CONVERSION = YES;
				CLANG_WARN_OBJC_ROOT_CLASS = YES_ERROR;
				CLANG_WARN_QUOTED_INCLUDE_IN_FRAMEWORK_HEADER = YES;
				CLANG_WARN_RANGE_LOOP_ANALYSIS = YES;
				CLANG_WARN_STRICT_PROTOTYPES = YES;
				CLANG_WARN_SUSPICIOUS_MOVE = YES;
				CLANG_WARN_UNGUARDED_AVAILABILITY = YES_AGGRESSIVE;
				CLANG_WARN_UNREACHABLE_CODE = YES;
				CLANG_WARN__DUPLICATE_METHOD_MATCH = YES;
				COPY_PHASE_STRIP = NO;
				DEBUG_INFORMATION_FORMAT = "dwarf-with-dsym";
				ENABLE_NS_ASSERTIONS = NO;
				ENABLE_STRICT_OBJC_MSGSEND = YES;
				GCC_C_LANGUAGE_STANDARD = gnu11;
				GCC_NO_COMMON_BLOCKS = NO;
				GCC_WARN_64_TO_32_BIT_CONVERSION = YES;
				GCC_WARN_ABOUT_RETURN_TYPE = YES_ERROR;
				GCC_WARN_UNDECLARED_SELECTOR = YES;
				GCC_WARN_UNINITIALIZED_AUTOS = YES_AGGRESSIVE;
				GCC_WARN_UNUSED_FUNCTION = YES;
				GCC_WARN_UNUSED_VARIABLE = YES;
				GENERATE_INFOPLIST_FILE = NO;
				INFOPLIST_EXPAND_BUILD_SETTINGS = NO;
				IPHONEOS_DEPLOYMENT_TARGET = 15.0;
				MTL_ENABLE_DEBUG_INFO = NO;
				MTL_FAST_MATH = YES;
				SDKROOT = iphoneos;
				SWIFT_COMPILATION_MODE = wholemodule;
				SWIFT_OPTIMIZATION_LEVEL = "-O";
				VALIDATE_PRODUCT = YES;
			};
			name = Release;
		};
		FEDCA01B27C6D8B300291D70 /* Debug */ = {
			isa = XCBuildConfiguration;
			buildSettings = {
				ASSETCATALOG_COMPILER_APPICON_NAME = AppIcon;
				ASSETCATALOG_COMPILER_GLOBAL_ACCENT_COLOR_NAME = AccentColor;
				CODE_SIGN_STYLE = Automatic;
				CURRENT_PROJECT_VERSION = 1;
				DEVELOPMENT_ASSET_PATHS = "\"communication-magic/Preview Content\"";
				DEVELOPMENT_TEAM = 22875T464M;
				ENABLE_PREVIEWS = YES;
				GENERATE_INFOPLIST_FILE = YES;
				INFOPLIST_EXPAND_BUILD_SETTINGS = YES;
				INFOPLIST_FILE = "communication-magic/GoogleService-Info.plist";
				INFOPLIST_KEY_NSMicrophoneUsageDescription = "Need microphone access for uploading audio";
				INFOPLIST_KEY_UIApplicationSceneManifest_Generation = YES;
				INFOPLIST_KEY_UIApplicationSupportsIndirectInputEvents = YES;
				INFOPLIST_KEY_UILaunchScreen_Generation = YES;
				INFOPLIST_KEY_UISupportedInterfaceOrientations_iPad = "UIInterfaceOrientationPortrait UIInterfaceOrientationPortraitUpsideDown UIInterfaceOrientationLandscapeLeft UIInterfaceOrientationLandscapeRight";
				INFOPLIST_KEY_UISupportedInterfaceOrientations_iPhone = "UIInterfaceOrientationPortrait UIInterfaceOrientationLandscapeLeft UIInterfaceOrientationLandscapeRight";
				IPHONEOS_DEPLOYMENT_TARGET = 15.0;
				LD_RUNPATH_SEARCH_PATHS = (
					"$(inherited)",
					"@executable_path/Frameworks",
				);
				MARKETING_VERSION = 1.0;
				PRODUCT_BUNDLE_IDENTIFIER = "peter-h-w.communication-magic";
				PRODUCT_NAME = "$(TARGET_NAME)";
				SWIFT_EMIT_LOC_STRINGS = YES;
				SWIFT_VERSION = 5.0;
				TARGETED_DEVICE_FAMILY = "1,2";
			};
			name = Debug;
		};
		FEDCA01C27C6D8B300291D70 /* Release */ = {
			isa = XCBuildConfiguration;
			buildSettings = {
				ASSETCATALOG_COMPILER_APPICON_NAME = AppIcon;
				ASSETCATALOG_COMPILER_GLOBAL_ACCENT_COLOR_NAME = AccentColor;
				CODE_SIGN_STYLE = Automatic;
				CURRENT_PROJECT_VERSION = 1;
				DEVELOPMENT_ASSET_PATHS = "\"communication-magic/Preview Content\"";
				DEVELOPMENT_TEAM = 22875T464M;
				ENABLE_PREVIEWS = YES;
				GENERATE_INFOPLIST_FILE = YES;
				INFOPLIST_EXPAND_BUILD_SETTINGS = YES;
				INFOPLIST_FILE = "communication-magic/GoogleService-Info.plist";
				INFOPLIST_KEY_NSMicrophoneUsageDescription = "Need microphone access for uploading audio";
				INFOPLIST_KEY_UIApplicationSceneManifest_Generation = YES;
				INFOPLIST_KEY_UIApplicationSupportsIndirectInputEvents = YES;
				INFOPLIST_KEY_UILaunchScreen_Generation = YES;
				INFOPLIST_KEY_UISupportedInterfaceOrientations_iPad = "UIInterfaceOrientationPortrait UIInterfaceOrientationPortraitUpsideDown UIInterfaceOrientationLandscapeLeft UIInterfaceOrientationLandscapeRight";
				INFOPLIST_KEY_UISupportedInterfaceOrientations_iPhone = "UIInterfaceOrientationPortrait UIInterfaceOrientationLandscapeLeft UIInterfaceOrientationLandscapeRight";
				IPHONEOS_DEPLOYMENT_TARGET = 15.0;
				LD_RUNPATH_SEARCH_PATHS = (
					"$(inherited)",
					"@executable_path/Frameworks",
				);
				MARKETING_VERSION = 1.0;
				PRODUCT_BUNDLE_IDENTIFIER = "peter-h-w.communication-magic";
				PRODUCT_NAME = "$(TARGET_NAME)";
				SWIFT_EMIT_LOC_STRINGS = YES;
				SWIFT_VERSION = 5.0;
				TARGETED_DEVICE_FAMILY = "1,2";
			};
			name = Release;
		};
/* End XCBuildConfiguration section */

/* Begin XCConfigurationList section */
		FEDCA00727C6D8B200291D70 /* Build configuration list for PBXProject "communication-magic" */ = {
			isa = XCConfigurationList;
			buildConfigurations = (
				FEDCA01827C6D8B300291D70 /* Debug */,
				FEDCA01927C6D8B300291D70 /* Release */,
			);
			defaultConfigurationIsVisible = 0;
			defaultConfigurationName = Release;
		};
		FEDCA01A27C6D8B300291D70 /* Build configuration list for PBXNativeTarget "communication-magic" */ = {
			isa = XCConfigurationList;
			buildConfigurations = (
				FEDCA01B27C6D8B300291D70 /* Debug */,
				FEDCA01C27C6D8B300291D70 /* Release */,
			);
			defaultConfigurationIsVisible = 0;
			defaultConfigurationName = Release;
		};
/* End XCConfigurationList section */

/* Begin XCRemoteSwiftPackageReference section */
		2C32B33A27D3D00D00A4FACE /* XCRemoteSwiftPackageReference "firebase-ios-sdk" */ = {
			isa = XCRemoteSwiftPackageReference;
			repositoryURL = "https://github.com/firebase/firebase-ios-sdk";
			requirement = {
				kind = upToNextMajorVersion;
				minimumVersion = 8.0.0;
			};
		};
/* End XCRemoteSwiftPackageReference section */

/* Begin XCSwiftPackageProductDependency section */
		2C32B33B27D3D00D00A4FACE /* FirebaseAnalytics */ = {
			isa = XCSwiftPackageProductDependency;
			package = 2C32B33A27D3D00D00A4FACE /* XCRemoteSwiftPackageReference "firebase-ios-sdk" */;
			productName = FirebaseAnalytics;
		};
		2C32B33D27D3D00D00A4FACE /* FirebaseAnalyticsSwift-Beta */ = {
			isa = XCSwiftPackageProductDependency;
			package = 2C32B33A27D3D00D00A4FACE /* XCRemoteSwiftPackageReference "firebase-ios-sdk" */;
			productName = "FirebaseAnalyticsSwift-Beta";
		};
		2C32B33F27D3D00D00A4FACE /* FirebaseAuth */ = {
			isa = XCSwiftPackageProductDependency;
			package = 2C32B33A27D3D00D00A4FACE /* XCRemoteSwiftPackageReference "firebase-ios-sdk" */;
			productName = FirebaseAuth;
		};
		2C32B34127D3D00D00A4FACE /* FirebaseAuthCombine-Community */ = {
			isa = XCSwiftPackageProductDependency;
			package = 2C32B33A27D3D00D00A4FACE /* XCRemoteSwiftPackageReference "firebase-ios-sdk" */;
			productName = "FirebaseAuthCombine-Community";
		};
		2C32B34327D3D00D00A4FACE /* FirebaseCrashlytics */ = {
			isa = XCSwiftPackageProductDependency;
			package = 2C32B33A27D3D00D00A4FACE /* XCRemoteSwiftPackageReference "firebase-ios-sdk" */;
			productName = FirebaseCrashlytics;
		};
		2C32B34527D3D00D00A4FACE /* FirebaseDatabase */ = {
			isa = XCSwiftPackageProductDependency;
			package = 2C32B33A27D3D00D00A4FACE /* XCRemoteSwiftPackageReference "firebase-ios-sdk" */;
			productName = FirebaseDatabase;
		};
		2C32B34727D3D00D00A4FACE /* FirebaseDatabaseSwift-Beta */ = {
			isa = XCSwiftPackageProductDependency;
			package = 2C32B33A27D3D00D00A4FACE /* XCRemoteSwiftPackageReference "firebase-ios-sdk" */;
			productName = "FirebaseDatabaseSwift-Beta";
		};
		2C32B34927D3D00D00A4FACE /* FirebaseFirestore */ = {
			isa = XCSwiftPackageProductDependency;
			package = 2C32B33A27D3D00D00A4FACE /* XCRemoteSwiftPackageReference "firebase-ios-sdk" */;
			productName = FirebaseFirestore;
		};
		2C32B34B27D3D00D00A4FACE /* FirebaseFirestoreSwift-Beta */ = {
			isa = XCSwiftPackageProductDependency;
			package = 2C32B33A27D3D00D00A4FACE /* XCRemoteSwiftPackageReference "firebase-ios-sdk" */;
			productName = "FirebaseFirestoreSwift-Beta";
		};
		2C32B34D27D3D00D00A4FACE /* FirebaseFunctions */ = {
			isa = XCSwiftPackageProductDependency;
			package = 2C32B33A27D3D00D00A4FACE /* XCRemoteSwiftPackageReference "firebase-ios-sdk" */;
			productName = FirebaseFunctions;
		};
		2C32B34F27D3D00D00A4FACE /* FirebaseFunctionsSwift-Beta */ = {
			isa = XCSwiftPackageProductDependency;
			package = 2C32B33A27D3D00D00A4FACE /* XCRemoteSwiftPackageReference "firebase-ios-sdk" */;
			productName = "FirebaseFunctionsSwift-Beta";
		};
		2C32B35127D3D00D00A4FACE /* FirebaseRemoteConfigSwift-Beta */ = {
			isa = XCSwiftPackageProductDependency;
			package = 2C32B33A27D3D00D00A4FACE /* XCRemoteSwiftPackageReference "firebase-ios-sdk" */;
			productName = "FirebaseRemoteConfigSwift-Beta";
		};
		2C32B35327D3D00D00A4FACE /* FirebaseStorage */ = {
			isa = XCSwiftPackageProductDependency;
			package = 2C32B33A27D3D00D00A4FACE /* XCRemoteSwiftPackageReference "firebase-ios-sdk" */;
			productName = FirebaseStorage;
		};
		2C32B35527D3D00D00A4FACE /* FirebaseStorageSwift-Beta */ = {
			isa = XCSwiftPackageProductDependency;
			package = 2C32B33A27D3D00D00A4FACE /* XCRemoteSwiftPackageReference "firebase-ios-sdk" */;
			productName = "FirebaseStorageSwift-Beta";
		};
/* End XCSwiftPackageProductDependency section */
	};
	rootObject = FEDCA00427C6D8B200291D70 /* Project object */;
}
